%{"cowboy": {:git, "git://github.com/extend/cowboy.git", "6672ea04155a075e60381413bf9b65b3974b7d57", [tag: "0.9.0"]},
  "cowlib": {:git, "git://github.com/extend/cowlib.git", "34a39ef28ca841fb9233ce9df3ec654eb321c5e5", [ref: "0.3.0"]},
  "exactor": {:package, "0.3.3"},
  "excoveralls": {:package, "0.2.1"},
  "exprintf": {:package, "0.1.1"},
  "hackney": {:git, "git://github.com/benoitc/hackney.git", "cf90543f9cc21ffea34d71035521b0102b8555cf", [ref: "cf90543f9cc21ffea34d71035521b0102b8555cf"]},
  "hackney_lib": {:git, "https://github.com/benoitc/hackney_lib.git", "48a5a3fc64892c95e4e3efdd464f26ca5683d2f9", [tag: "0.3.0"]},
  "http_server": {:git, "git://github.com/parroty/http_server.git", "fc4a919c726a89e6f15bc92d35f5b9409f183538", []},
  "httpoison": {:git, "git://github.com/edgurgel/httpoison.git", "14ad253e8dda517bd6a2db461bcc4356ce9c7d0d", []},
  "httpotion": {:git, "git://github.com/myfreeweb/httpotion.git", "346d9c775c628dbd21657bd232a28b7cf718e6e5", []},
  "ibrowse": {:git, "git://github.com/cmullaparthi/ibrowse.git", "866b0ff5aca229f1ef53653eabc8ed1720c13cd6", [ref: "866b0ff5aca229f1ef53653eabc8ed1720c13cd6"]},
  "idna": {:git, "git://github.com/benoitc/erlang-idna.git", "21aa158b7f36bf2a000f12fe40d7f21eece9cf65", [tag: "hackney-0.11.2"]},
  "jsex": {:package, "2.0.0"},
  "jsx": {:package, "2.0.3"},
  "meck": {:git, "git://github.com/eproxus/meck.git", "9987eea73dab37ce014dbd4fa715a31cc07d351e", []},
  "mimetypes": {:git, "git://github.com/spawngrid/mimetypes.git", "47d37a977a7d633199822bf6b08353007483d00f", [ref: "master"]},
  "ranch": {:git, "git://github.com/extend/ranch.git", "41705752ffc7e3ecb96eef8374015ead4ca7f699", [ref: "0.8.5"]}}
